{
  "version": 4,
  "terraform_version": "1.3.2",
  "serial": 10,
  "lineage": "84af3308-9bb4-a9d7-b15c-385d760b9c13",
  "outputs": {},
  "resources": [
    {
      "mode": "managed",
      "type": "yandex_compute_instance",
      "name": "app",
      "provider": "provider[\"registry.terraform.io/yandex-cloud/yandex\"]",
      "instances": [
        {
          "index_key": 0,
          "schema_version": 1,
          "attributes": {
            "allow_recreate": null,
            "allow_stopping_for_update": null,
            "boot_disk": [
              {
                "auto_delete": true,
                "device_name": "fhmb4da7esh3n2356g76",
                "disk_id": "fhmb4da7esh3n2356g76",
                "initialize_params": [
                  {
                    "block_size": 4096,
                    "description": "",
                    "image_id": "fd80f8mhk83hmvp10vh2",
                    "name": "",
                    "size": 40,
                    "snapshot_id": "",
                    "type": "network-hdd"
                  }
                ],
                "mode": "READ_WRITE"
              }
            ],
            "created_at": "2023-06-03T16:57:10Z",
            "description": "",
            "filesystem": [],
            "folder_id": "b1gsge96k5naqp37oe14",
            "fqdn": "fhmb5o520751f4todfk7.auto.internal",
            "gpu_cluster_id": "",
            "hostname": "",
            "id": "fhmb5o520751f4todfk7",
            "labels": null,
            "local_disk": [],
            "metadata": {
              "ssh-keys": "ubuntu:ssh-rsa AAAAB3NzaC1yc2EAAAADAQABAAABgQCTxawpTNdBN93mXUVXA3XYZkmWSpl9Z5hqbzTqE7Ig91qxJjrPLjHarz9Jvhie1MiEQuCuhb4Sb8ip9zteJqSetERZgrfTv2yxyB4bIR+CwlimI+OQRDRFq6wsSUPHUOBm5gzn+Ir+IDBQBrWWXXKSxGfZS3oWL+Ec5EaRABxQG5LSYu9PXsHgjehjdTb5SGp/P6XVsrjgQVONzJzT5zNK70EkDr/T7eIzwP7sarfX1O6ynMXi3jlgu7m8S+uBQyCij6YjuNdDLuCKaB9JMuAdxbKGiZiBYmc3RnpGaFX6ymBjMuRgiVNCvzvsbbKFIRtIvpu9GvxCNot6r8rZd0IZVygoqm05sn/YZPiR5/yw2dAm/4eAkxls3exQ7Blxf0ikmBjz01KeekhPmfnyhOIx9CFEu2XDpdJbD38FtAlDtNlcAyp0mJQcneuQYSgk0tVy1+8P2qh6GCq/D4J6QQlztoKTbcP3H1vmg3WV/zBXt1YBqlHIPKdL7XUrinwa3fU= appuser\n"
            },
            "metadata_options": [
              {
                "aws_v1_http_endpoint": 1,
                "aws_v1_http_token": 2,
                "gce_http_endpoint": 1,
                "gce_http_token": 1
              }
            ],
            "name": "k8s-1",
            "network_acceleration_type": "standard",
            "network_interface": [
              {
                "dns_record": [],
                "index": 0,
                "ip_address": "10.128.0.20",
                "ipv4": true,
                "ipv6": false,
                "ipv6_address": "",
                "ipv6_dns_record": [],
                "mac_address": "d0:0d:b2:e0:a2:01",
                "nat": true,
                "nat_dns_record": [],
                "nat_ip_address": "158.160.63.123",
                "nat_ip_version": "IPV4",
                "security_group_ids": [],
                "subnet_id": "e9b5e7psacnrp36g4dfd"
              }
            ],
            "placement_policy": [
              {
                "host_affinity_rules": [],
                "placement_group_id": ""
              }
            ],
            "platform_id": "standard-v1",
            "resources": [
              {
                "core_fraction": 100,
                "cores": 2,
                "gpus": 0,
                "memory": 2
              }
            ],
            "scheduling_policy": [
              {
                "preemptible": false
              }
            ],
            "secondary_disk": [],
            "service_account_id": "",
            "status": "running",
            "timeouts": null,
            "zone": "ru-central1-a"
          },
          "sensitive_attributes": [],
          "private": "eyJlMmJmYjczMC1lY2FhLTExZTYtOGY4OC0zNDM2M2JjN2M0YzAiOnsiY3JlYXRlIjozMDAwMDAwMDAwMDAsImRlbGV0ZSI6MzAwMDAwMDAwMDAwLCJ1cGRhdGUiOjMwMDAwMDAwMDAwMH0sInNjaGVtYV92ZXJzaW9uIjoiMSJ9"
        },
        {
          "index_key": 1,
          "schema_version": 1,
          "attributes": {
            "allow_recreate": null,
            "allow_stopping_for_update": null,
            "boot_disk": [
              {
                "auto_delete": true,
                "device_name": "fhm56vi0ncs851cgdrkc",
                "disk_id": "fhm56vi0ncs851cgdrkc",
                "initialize_params": [
                  {
                    "block_size": 4096,
                    "description": "",
                    "image_id": "fd80f8mhk83hmvp10vh2",
                    "name": "",
                    "size": 40,
                    "snapshot_id": "",
                    "type": "network-hdd"
                  }
                ],
                "mode": "READ_WRITE"
              }
            ],
            "created_at": "2023-06-03T16:57:10Z",
            "description": "",
            "filesystem": [],
            "folder_id": "b1gsge96k5naqp37oe14",
            "fqdn": "fhmjcgnamq0lvjqre583.auto.internal",
            "gpu_cluster_id": "",
            "hostname": "",
            "id": "fhmjcgnamq0lvjqre583",
            "labels": null,
            "local_disk": [],
            "metadata": {
              "ssh-keys": "ubuntu:ssh-rsa AAAAB3NzaC1yc2EAAAADAQABAAABgQCTxawpTNdBN93mXUVXA3XYZkmWSpl9Z5hqbzTqE7Ig91qxJjrPLjHarz9Jvhie1MiEQuCuhb4Sb8ip9zteJqSetERZgrfTv2yxyB4bIR+CwlimI+OQRDRFq6wsSUPHUOBm5gzn+Ir+IDBQBrWWXXKSxGfZS3oWL+Ec5EaRABxQG5LSYu9PXsHgjehjdTb5SGp/P6XVsrjgQVONzJzT5zNK70EkDr/T7eIzwP7sarfX1O6ynMXi3jlgu7m8S+uBQyCij6YjuNdDLuCKaB9JMuAdxbKGiZiBYmc3RnpGaFX6ymBjMuRgiVNCvzvsbbKFIRtIvpu9GvxCNot6r8rZd0IZVygoqm05sn/YZPiR5/yw2dAm/4eAkxls3exQ7Blxf0ikmBjz01KeekhPmfnyhOIx9CFEu2XDpdJbD38FtAlDtNlcAyp0mJQcneuQYSgk0tVy1+8P2qh6GCq/D4J6QQlztoKTbcP3H1vmg3WV/zBXt1YBqlHIPKdL7XUrinwa3fU= appuser\n"
            },
            "metadata_options": [
              {
                "aws_v1_http_endpoint": 1,
                "aws_v1_http_token": 2,
                "gce_http_endpoint": 1,
                "gce_http_token": 1
              }
            ],
            "name": "k8s-2",
            "network_acceleration_type": "standard",
            "network_interface": [
              {
                "dns_record": [],
                "index": 0,
                "ip_address": "10.128.0.35",
                "ipv4": true,
                "ipv6": false,
                "ipv6_address": "",
                "ipv6_dns_record": [],
                "mac_address": "d0:0d:13:64:2e:ab",
                "nat": true,
                "nat_dns_record": [],
                "nat_ip_address": "51.250.77.238",
                "nat_ip_version": "IPV4",
                "security_group_ids": [],
                "subnet_id": "e9b5e7psacnrp36g4dfd"
              }
            ],
            "placement_policy": [
              {
                "host_affinity_rules": [],
                "placement_group_id": ""
              }
            ],
            "platform_id": "standard-v1",
            "resources": [
              {
                "core_fraction": 100,
                "cores": 2,
                "gpus": 0,
                "memory": 2
              }
            ],
            "scheduling_policy": [
              {
                "preemptible": false
              }
            ],
            "secondary_disk": [],
            "service_account_id": "",
            "status": "running",
            "timeouts": null,
            "zone": "ru-central1-a"
          },
          "sensitive_attributes": [],
          "private": "eyJlMmJmYjczMC1lY2FhLTExZTYtOGY4OC0zNDM2M2JjN2M0YzAiOnsiY3JlYXRlIjozMDAwMDAwMDAwMDAsImRlbGV0ZSI6MzAwMDAwMDAwMDAwLCJ1cGRhdGUiOjMwMDAwMDAwMDAwMH0sInNjaGVtYV92ZXJzaW9uIjoiMSJ9"
        }
      ]
    }
  ],
  "check_results": []
}
